
Microsoft Visual Studio Solution File, Format Version 12.00
# Visual Studio Version 16
VisualStudioVersion = 16.0.31402.337
MinimumVisualStudioVersion = 10.0.40219.1
Project("{FAE04EC0-301F-11D3-BF4B-00C04F79EFBC}") = "ApiCatalogoJogos", "ApiCatalogoJogos\ApiCatalogoJogos.csproj", "{09EF86CF-E744-4F90-BA68-4D9ABF937693}"
EndProject
Global
	GlobalSection(SolutionConfigurationPlatforms) = preSolution
		Debug|Any CPU = Debug|Any CPU
		Release|Any CPU = Release|Any CPU
	EndGlobalSection
	GlobalSection(ProjectConfigurationPlatforms) = postSolution
		{09EF86CF-E744-4F90-BA68-4D9ABF937693}.Debug|Any CPU.ActiveCfg = Debug|Any CPU
		{09EF86CF-E744-4F90-BA68-4D9ABF937693}.Debug|Any CPU.Build.0 = Debug|Any CPU
		{09EF86CF-E744-4F90-BA68-4D9ABF937693}.Release|Any CPU.ActiveCfg = Release|Any CPU
		{09EF86CF-E744-4F90-BA68-4D9ABF937693}.Release|Any CPU.Build.0 = Release|Any CPU
	EndGlobalSection
	GlobalSection(SolutionProperties) = preSolution
		HideSolutionNode = FALSE
	EndGlobalSection
	GlobalSection(ExtensibilityGlobals) = postSolution
		SolutionGuid = {BE96B49C-7519-4A3E-852A-23DA4965EF3C}
	EndGlobalSection
EndGlobal
